
Microsoft Visual Studio Solution File, Format Version 12.00
# Visual Studio 2012
Project("{FAE04EC0-301F-11D3-BF4B-00C04F79EFBC}") = "ProgrammingTests", "ProgrammingTests\ProgrammingTests.csproj", "{AF2A081F-F6E7-414B-B56C-865FC607A9AD}"
EndProject
Project("{FAE04EC0-301F-11D3-BF4B-00C04F79EFBC}") = "Entities", "Entities\Entities.csproj", "{F9AE49A1-A5E5-490C-871A-138A4FBCC238}"
EndProject
Project("{FAE04EC0-301F-11D3-BF4B-00C04F79EFBC}") = "Data", "Data\Data.csproj", "{6055B062-CD9F-40BC-9804-3FA85E2AC2D4}"
EndProject
Global
	GlobalSection(SolutionConfigurationPlatforms) = preSolution
		Debug|Any CPU = Debug|Any CPU
		Release|Any CPU = Release|Any CPU
	EndGlobalSection
	GlobalSection(ProjectConfigurationPlatforms) = postSolution
		{AF2A081F-F6E7-414B-B56C-865FC607A9AD}.Debug|Any CPU.ActiveCfg = Debug|Any CPU
		{AF2A081F-F6E7-414B-B56C-865FC607A9AD}.Debug|Any CPU.Build.0 = Debug|Any CPU
		{AF2A081F-F6E7-414B-B56C-865FC607A9AD}.Release|Any CPU.ActiveCfg = Release|Any CPU
		{AF2A081F-F6E7-414B-B56C-865FC607A9AD}.Release|Any CPU.Build.0 = Release|Any CPU
		{F9AE49A1-A5E5-490C-871A-138A4FBCC238}.Debug|Any CPU.ActiveCfg = Debug|Any CPU
		{F9AE49A1-A5E5-490C-871A-138A4FBCC238}.Debug|Any CPU.Build.0 = Debug|Any CPU
		{F9AE49A1-A5E5-490C-871A-138A4FBCC238}.Release|Any CPU.ActiveCfg = Release|Any CPU
		{F9AE49A1-A5E5-490C-871A-138A4FBCC238}.Release|Any CPU.Build.0 = Release|Any CPU
		{6055B062-CD9F-40BC-9804-3FA85E2AC2D4}.Debug|Any CPU.ActiveCfg = Debug|Any CPU
		{6055B062-CD9F-40BC-9804-3FA85E2AC2D4}.Debug|Any CPU.Build.0 = Debug|Any CPU
		{6055B062-CD9F-40BC-9804-3FA85E2AC2D4}.Release|Any CPU.ActiveCfg = Release|Any CPU
		{6055B062-CD9F-40BC-9804-3FA85E2AC2D4}.Release|Any CPU.Build.0 = Release|Any CPU
	EndGlobalSection
	GlobalSection(SolutionProperties) = preSolution
		HideSolutionNode = FALSE
	EndGlobalSection
EndGlobal
